
Microsoft Visual Studio Solution File, Format Version 12.00
# Visual Studio Version 17
VisualStudioVersion = 17.14.36310.24 d17.14
MinimumVisualStudioVersion = 10.0.40219.1
Project("{FAE04EC0-301F-11D3-BF4B-00C04F79EFBC}") = "Equipments.View", "Equipments.View\Equipments.View.csproj", "{97DD36A2-8C65-4E27-94D8-E601F09DEDD8}"
EndProject
Global
	GlobalSection(SolutionConfigurationPlatforms) = preSolution
		Debug|Any CPU = Debug|Any CPU
		Release|Any CPU = Release|Any CPU
	EndGlobalSection
	GlobalSection(ProjectConfigurationPlatforms) = postSolution
		{97DD36A2-8C65-4E27-94D8-E601F09DEDD8}.Debug|Any CPU.ActiveCfg = Debug|Any CPU
		{97DD36A2-8C65-4E27-94D8-E601F09DEDD8}.Debug|Any CPU.Build.0 = Debug|Any CPU
		{97DD36A2-8C65-4E27-94D8-E601F09DEDD8}.Release|Any CPU.ActiveCfg = Release|Any CPU
		{97DD36A2-8C65-4E27-94D8-E601F09DEDD8}.Release|Any CPU.Build.0 = Release|Any CPU
	EndGlobalSection
	GlobalSection(SolutionProperties) = preSolution
		HideSolutionNode = FALSE
	EndGlobalSection
	GlobalSection(ExtensibilityGlobals) = postSolution
		SolutionGuid = {6FA4822A-F671-4150-9933-0C9A2293F323}
	EndGlobalSection
EndGlobal
